{
  "requires": true,
  "lockfileVersion": 1,
  "dependencies": {
    "nesnes": {
      "version": "0.2.2",
      "resolved": "https://registry.npmjs.org/nesnes/-/nesnes-0.2.2.tgz",
      "integrity": "sha1-wwdfBJyHxZVunY4Qmpz8gksR09A="
    },
    "webcomponents.js": {
      "version": "0.7.24",
      "resolved": "https://registry.npmjs.org/webcomponents.js/-/webcomponents.js-0.7.24.tgz",
      "integrity": "sha1-IRb7+hRo7EFqe+/aozPh0Rj2nAQ="
    },
    "x-nes": {
      "version": "0.2.2",
      "resolved": "https://registry.npmjs.org/x-nes/-/x-nes-0.2.2.tgz",
      "integrity": "sha1-/naJDWppZt2/H4xldrnxzZ6TjjU=",
      "requires": {
        "nesnes": "^0.2.1"
      }
    }
  }
}
